
Microsoft Visual Studio Solution File, Format Version 12.00
# Visual Studio 2015
Project("{FAE04EC0-301F-11D3-BF4B-00C04F79EFBC}") = "GameEnginesAssignment.CSharp", "GameEnginesAssignment.CSharp.csproj", "{44056674-E9B5-454D-18AE-E14B7DB7A518}"
EndProject
Global
	GlobalSection(SolutionConfigurationPlatforms) = preSolution
		Debug|Any CPU = Debug|Any CPU
		Release|Any CPU = Release|Any CPU
	EndGlobalSection
	GlobalSection(ProjectConfigurationPlatforms) = postSolution
		{44056674-E9B5-454D-18AE-E14B7DB7A518}.Debug|Any CPU.ActiveCfg = Debug|Any CPU
		{44056674-E9B5-454D-18AE-E14B7DB7A518}.Debug|Any CPU.Build.0 = Debug|Any CPU
		{44056674-E9B5-454D-18AE-E14B7DB7A518}.Release|Any CPU.ActiveCfg = Release|Any CPU
		{44056674-E9B5-454D-18AE-E14B7DB7A518}.Release|Any CPU.Build.0 = Release|Any CPU
	EndGlobalSection
	GlobalSection(SolutionProperties) = preSolution
		HideSolutionNode = FALSE
	EndGlobalSection
EndGlobal
